
Microsoft Visual Studio Solution File, Format Version 12.00
# Visual Studio Version 17
VisualStudioVersion = 17.14.36408.4 d17.14
MinimumVisualStudioVersion = 10.0.40219.1
Project("{FAE04EC0-301F-11D3-BF4B-00C04F79EFBC}") = "Light_Weight_Operating_System", "Light_Weight_Operating_System\Light_Weight_Operating_System.csproj", "{7CF3EE10-0A2D-4166-9105-4A18AE972884}"
EndProject
Global
	GlobalSection(SolutionConfigurationPlatforms) = preSolution
		Debug|Any CPU = Debug|Any CPU
		Release|Any CPU = Release|Any CPU
	EndGlobalSection
	GlobalSection(ProjectConfigurationPlatforms) = postSolution
		{7CF3EE10-0A2D-4166-9105-4A18AE972884}.Debug|Any CPU.ActiveCfg = Debug|Any CPU
		{7CF3EE10-0A2D-4166-9105-4A18AE972884}.Debug|Any CPU.Build.0 = Debug|Any CPU
		{7CF3EE10-0A2D-4166-9105-4A18AE972884}.Release|Any CPU.ActiveCfg = Release|Any CPU
		{7CF3EE10-0A2D-4166-9105-4A18AE972884}.Release|Any CPU.Build.0 = Release|Any CPU
	EndGlobalSection
	GlobalSection(SolutionProperties) = preSolution
		HideSolutionNode = FALSE
	EndGlobalSection
	GlobalSection(ExtensibilityGlobals) = postSolution
		SolutionGuid = {1FBF5C71-5F00-4D86-9CA4-A100E33D9E9C}
	EndGlobalSection
EndGlobal
